
Microsoft Visual Studio Solution File, Format Version 12.00
# Visual Studio Version 16
VisualStudioVersion = 16.0.29709.97
MinimumVisualStudioVersion = 10.0.40219.1
Project("{2150E333-8FDC-42A3-9474-1A3956D46DE8}") = "Infra", "Infra", "{157B257F-566E-4989-8DF2-643CE8A4EFF7}"
EndProject
Project("{2150E333-8FDC-42A3-9474-1A3956D46DE8}") = "Presentation", "Presentation", "{9D2CA2CB-EEB6-4961-8C7A-95F9F01FCB29}"
EndProject
Project("{FAE04EC0-301F-11D3-BF4B-00C04F79EFBC}") = "Itix.Application", "Itix.Application\Itix.Application.csproj", "{5708C734-9E75-4899-AD25-4B6A48725590}"
EndProject
Project("{FAE04EC0-301F-11D3-BF4B-00C04F79EFBC}") = "Itix.Backoffice", "Itix.Backoffice\Itix.Backoffice.csproj", "{F14B8161-FD44-4469-95B7-0BA51E52E6AE}"
EndProject
Global
	GlobalSection(SolutionConfigurationPlatforms) = preSolution
		Debug|Any CPU = Debug|Any CPU
		Release|Any CPU = Release|Any CPU
	EndGlobalSection
	GlobalSection(ProjectConfigurationPlatforms) = postSolution
		{5708C734-9E75-4899-AD25-4B6A48725590}.Debug|Any CPU.ActiveCfg = Debug|Any CPU
		{5708C734-9E75-4899-AD25-4B6A48725590}.Debug|Any CPU.Build.0 = Debug|Any CPU
		{5708C734-9E75-4899-AD25-4B6A48725590}.Release|Any CPU.ActiveCfg = Release|Any CPU
		{5708C734-9E75-4899-AD25-4B6A48725590}.Release|Any CPU.Build.0 = Release|Any CPU
		{F14B8161-FD44-4469-95B7-0BA51E52E6AE}.Debug|Any CPU.ActiveCfg = Debug|Any CPU
		{F14B8161-FD44-4469-95B7-0BA51E52E6AE}.Debug|Any CPU.Build.0 = Debug|Any CPU
		{F14B8161-FD44-4469-95B7-0BA51E52E6AE}.Release|Any CPU.ActiveCfg = Release|Any CPU
		{F14B8161-FD44-4469-95B7-0BA51E52E6AE}.Release|Any CPU.Build.0 = Release|Any CPU
	EndGlobalSection
	GlobalSection(SolutionProperties) = preSolution
		HideSolutionNode = FALSE
	EndGlobalSection
	GlobalSection(NestedProjects) = preSolution
		{5708C734-9E75-4899-AD25-4B6A48725590} = {157B257F-566E-4989-8DF2-643CE8A4EFF7}
		{F14B8161-FD44-4469-95B7-0BA51E52E6AE} = {9D2CA2CB-EEB6-4961-8C7A-95F9F01FCB29}
	EndGlobalSection
	GlobalSection(ExtensibilityGlobals) = postSolution
		SolutionGuid = {E7349955-1588-4D49-87A4-9360D473385D}
	EndGlobalSection
EndGlobal
